
Microsoft Visual Studio Solution File, Format Version 12.00
# Visual Studio Version 17
VisualStudioVersion = 17.10.35013.160
MinimumVisualStudioVersion = 10.0.40219.1
Project("{888888A0-9F3D-457C-B088-3A5042F75D52}") = "Intelligent Traffic Optimization", "Intelligent Traffic Optimization.pyproj", "{B0EB6099-514C-444C-BD72-2E68651997FD}"
EndProject
Global
	GlobalSection(SolutionConfigurationPlatforms) = preSolution
		Debug|Any CPU = Debug|Any CPU
		Release|Any CPU = Release|Any CPU
	EndGlobalSection
	GlobalSection(ProjectConfigurationPlatforms) = postSolution
		{B0EB6099-514C-444C-BD72-2E68651997FD}.Debug|Any CPU.ActiveCfg = Debug|Any CPU
		{B0EB6099-514C-444C-BD72-2E68651997FD}.Release|Any CPU.ActiveCfg = Release|Any CPU
	EndGlobalSection
	GlobalSection(SolutionProperties) = preSolution
		HideSolutionNode = FALSE
	EndGlobalSection
	GlobalSection(ExtensibilityGlobals) = postSolution
		SolutionGuid = {CF757DAC-6736-4114-AA01-F96FE658F6C7}
	EndGlobalSection
EndGlobal
